
Microsoft Visual Studio Solution File, Format Version 12.00
# Visual Studio 14
VisualStudioVersion = 14.0.25420.1
MinimumVisualStudioVersion = 10.0.40219.1
Project("{FAE04EC0-301F-11D3-BF4B-00C04F79EFBC}") = "CSCodeGen", "CSCodeGen\CSCodeGen.csproj", "{49230E6D-B19F-4C0E-A746-1674A1515435}"
EndProject
Project("{FAE04EC0-301F-11D3-BF4B-00C04F79EFBC}") = "CSCodeGen.VsTests", "CSCodeGen.VsTests\CSCodeGen.VsTests.csproj", "{33387E04-1B0B-42FD-9256-DD8B9B36B856}"
EndProject
Project("{FAE04EC0-301F-11D3-BF4B-00C04F79EFBC}") = "CSCodeGen.Demo", "CSCodeGen.Demo\CSCodeGen.Demo.csproj", "{BFEB1FC1-262A-44FC-BD81-E66990C5E539}"
EndProject
Global
	GlobalSection(SolutionConfigurationPlatforms) = preSolution
		Debug|Any CPU = Debug|Any CPU
		Release|Any CPU = Release|Any CPU
	EndGlobalSection
	GlobalSection(ProjectConfigurationPlatforms) = postSolution
		{49230E6D-B19F-4C0E-A746-1674A1515435}.Debug|Any CPU.ActiveCfg = Debug|Any CPU
		{49230E6D-B19F-4C0E-A746-1674A1515435}.Debug|Any CPU.Build.0 = Debug|Any CPU
		{49230E6D-B19F-4C0E-A746-1674A1515435}.Release|Any CPU.ActiveCfg = Release|Any CPU
		{49230E6D-B19F-4C0E-A746-1674A1515435}.Release|Any CPU.Build.0 = Release|Any CPU
		{33387E04-1B0B-42FD-9256-DD8B9B36B856}.Debug|Any CPU.ActiveCfg = Debug|Any CPU
		{33387E04-1B0B-42FD-9256-DD8B9B36B856}.Debug|Any CPU.Build.0 = Debug|Any CPU
		{33387E04-1B0B-42FD-9256-DD8B9B36B856}.Release|Any CPU.ActiveCfg = Release|Any CPU
		{33387E04-1B0B-42FD-9256-DD8B9B36B856}.Release|Any CPU.Build.0 = Release|Any CPU
		{BFEB1FC1-262A-44FC-BD81-E66990C5E539}.Debug|Any CPU.ActiveCfg = Debug|Any CPU
		{BFEB1FC1-262A-44FC-BD81-E66990C5E539}.Debug|Any CPU.Build.0 = Debug|Any CPU
		{BFEB1FC1-262A-44FC-BD81-E66990C5E539}.Release|Any CPU.ActiveCfg = Release|Any CPU
		{BFEB1FC1-262A-44FC-BD81-E66990C5E539}.Release|Any CPU.Build.0 = Release|Any CPU
	EndGlobalSection
	GlobalSection(SolutionProperties) = preSolution
		HideSolutionNode = FALSE
	EndGlobalSection
EndGlobal
